
Microsoft Visual Studio Solution File, Format Version 12.00
# Visual Studio Version 16
VisualStudioVersion = 16.0.30907.101
MinimumVisualStudioVersion = 15.0.26124.0
Project("{9A19103F-16F7-4668-BE54-9A1E7A4F7556}") = "TinyMCE.Blazor", "TinyMCE.Blazor\TinyMCE.Blazor.csproj", "{486F54DB-DCEE-4727-B35C-743C98B3D831}"
EndProject
Project("{FAE04EC0-301F-11D3-BF4B-00C04F79EFBC}") = "TinyMCE.Blazor.Sample.BlazorWasm", "TinyMCE.Blazor.Sample.BlazorWasm\TinyMCE.Blazor.Sample.BlazorWasm.csproj", "{D5877030-B22C-41EF-B134-7006D3CC5FEC}"
EndProject
Global
	GlobalSection(SolutionConfigurationPlatforms) = preSolution
		Debug|Any CPU = Debug|Any CPU
		Debug|x64 = Debug|x64
		Debug|x86 = Debug|x86
		Release|Any CPU = Release|Any CPU
		Release|x64 = Release|x64
		Release|x86 = Release|x86
	EndGlobalSection
	GlobalSection(ProjectConfigurationPlatforms) = postSolution
		{486F54DB-DCEE-4727-B35C-743C98B3D831}.Debug|Any CPU.ActiveCfg = Debug|Any CPU
		{486F54DB-DCEE-4727-B35C-743C98B3D831}.Debug|Any CPU.Build.0 = Debug|Any CPU
		{486F54DB-DCEE-4727-B35C-743C98B3D831}.Debug|x64.ActiveCfg = Debug|Any CPU
		{486F54DB-DCEE-4727-B35C-743C98B3D831}.Debug|x64.Build.0 = Debug|Any CPU
		{486F54DB-DCEE-4727-B35C-743C98B3D831}.Debug|x86.ActiveCfg = Debug|Any CPU
		{486F54DB-DCEE-4727-B35C-743C98B3D831}.Debug|x86.Build.0 = Debug|Any CPU
		{486F54DB-DCEE-4727-B35C-743C98B3D831}.Release|Any CPU.ActiveCfg = Release|Any CPU
		{486F54DB-DCEE-4727-B35C-743C98B3D831}.Release|Any CPU.Build.0 = Release|Any CPU
		{486F54DB-DCEE-4727-B35C-743C98B3D831}.Release|x64.ActiveCfg = Release|Any CPU
		{486F54DB-DCEE-4727-B35C-743C98B3D831}.Release|x64.Build.0 = Release|Any CPU
		{486F54DB-DCEE-4727-B35C-743C98B3D831}.Release|x86.ActiveCfg = Release|Any CPU
		{486F54DB-DCEE-4727-B35C-743C98B3D831}.Release|x86.Build.0 = Release|Any CPU
		{D5877030-B22C-41EF-B134-7006D3CC5FEC}.Debug|Any CPU.ActiveCfg = Debug|Any CPU
		{D5877030-B22C-41EF-B134-7006D3CC5FEC}.Debug|Any CPU.Build.0 = Debug|Any CPU
		{D5877030-B22C-41EF-B134-7006D3CC5FEC}.Debug|x64.ActiveCfg = Debug|Any CPU
		{D5877030-B22C-41EF-B134-7006D3CC5FEC}.Debug|x64.Build.0 = Debug|Any CPU
		{D5877030-B22C-41EF-B134-7006D3CC5FEC}.Debug|x86.ActiveCfg = Debug|Any CPU
		{D5877030-B22C-41EF-B134-7006D3CC5FEC}.Debug|x86.Build.0 = Debug|Any CPU
		{D5877030-B22C-41EF-B134-7006D3CC5FEC}.Release|Any CPU.ActiveCfg = Release|Any CPU
		{D5877030-B22C-41EF-B134-7006D3CC5FEC}.Release|Any CPU.Build.0 = Release|Any CPU
		{D5877030-B22C-41EF-B134-7006D3CC5FEC}.Release|x64.ActiveCfg = Release|Any CPU
		{D5877030-B22C-41EF-B134-7006D3CC5FEC}.Release|x64.Build.0 = Release|Any CPU
		{D5877030-B22C-41EF-B134-7006D3CC5FEC}.Release|x86.ActiveCfg = Release|Any CPU
		{D5877030-B22C-41EF-B134-7006D3CC5FEC}.Release|x86.Build.0 = Release|Any CPU
	EndGlobalSection
	GlobalSection(SolutionProperties) = preSolution
		HideSolutionNode = FALSE
	EndGlobalSection
	GlobalSection(ExtensibilityGlobals) = postSolution
		SolutionGuid = {12C0DFB5-21BE-43ED-971D-C68FA154AD64}
	EndGlobalSection
EndGlobal
